
Microsoft Visual Studio Solution File, Format Version 12.00
# Visual Studio Version 16
VisualStudioVersion = 16.0.29609.76
MinimumVisualStudioVersion = 10.0.40219.1
Project("{FAE04EC0-301F-11D3-BF4B-00C04F79EFBC}") = "TresAndWheels", "TresAndWheels\TresAndWheels.csproj", "{8765C59B-08C6-42EA-B525-0B7A98C0717B}"
EndProject
Global
	GlobalSection(SolutionConfigurationPlatforms) = preSolution
		Debug|Any CPU = Debug|Any CPU
		Release|Any CPU = Release|Any CPU
	EndGlobalSection
	GlobalSection(ProjectConfigurationPlatforms) = postSolution
		{8765C59B-08C6-42EA-B525-0B7A98C0717B}.Debug|Any CPU.ActiveCfg = Debug|Any CPU
		{8765C59B-08C6-42EA-B525-0B7A98C0717B}.Debug|Any CPU.Build.0 = Debug|Any CPU
		{8765C59B-08C6-42EA-B525-0B7A98C0717B}.Release|Any CPU.ActiveCfg = Release|Any CPU
		{8765C59B-08C6-42EA-B525-0B7A98C0717B}.Release|Any CPU.Build.0 = Release|Any CPU
	EndGlobalSection
	GlobalSection(SolutionProperties) = preSolution
		HideSolutionNode = FALSE
	EndGlobalSection
	GlobalSection(ExtensibilityGlobals) = postSolution
		SolutionGuid = {38360FB9-9440-4325-926A-D710E48E8A54}
	EndGlobalSection
EndGlobal
